// !$*UTF8*$!
{
	archiveVersion = 1;
	classes = {
	};
	objectVersion = 56;
	objects = {

/* Begin PBXBuildFile section */
		F48D3D332B5EF18C00AF109C /* LandmarksApp.swift in Sources */ = {isa = PBXBuildFile; fileRef = F48D3D322B5EF18C00AF109C /* LandmarksApp.swift */; };
		F48D3D352B5EF18C00AF109C /* ContentView.swift in Sources */ = {isa = PBXBuildFile; fileRef = F48D3D342B5EF18C00AF109C /* ContentView.swift */; };
		F48D3D372B5EF18F00AF109C /* Assets.xcassets in Resources */ = {isa = PBXBuildFile; fileRef = F48D3D362B5EF18F00AF109C /* Assets.xcassets */; };
		F48D3D3A2B5EF18F00AF109C /* Preview Assets.xcassets in Resources */ = {isa = PBXBuildFile; fileRef = F48D3D392B5EF18F00AF109C /* Preview Assets.xcassets */; };
		F48D3D442B5EF18F00AF109C /* LandmarksTests.swift in Sources */ = {isa = PBXBuildFile; fileRef = F48D3D432B5EF18F00AF109C /* LandmarksTests.swift */; };
		F48D3D4E2B5EF18F00AF109C /* LandmarksUITests.swift in Sources */ = {isa = PBXBuildFile; fileRef = F48D3D4D2B5EF18F00AF109C /* LandmarksUITests.swift */; };
		F48D3D502B5EF18F00AF109C /* LandmarksUITestsLaunchTests.swift in Sources */ = {isa = PBXBuildFile; fileRef = F48D3D4F2B5EF18F00AF109C /* LandmarksUITestsLaunchTests.swift */; };
		F48D3D5D2B5EF6D100AF109C /* CircleImage.swift in Sources */ = {isa = PBXBuildFile; fileRef = F48D3D5C2B5EF6D100AF109C /* CircleImage.swift */; };
		F48D3D5F2B5EF7C400AF109C /* MapView.swift in Sources */ = {isa = PBXBuildFile; fileRef = F48D3D5E2B5EF7C400AF109C /* MapView.swift */; };
		F48D3D612B6001ED00AF109C /* landmarkData.json in Resources */ = {isa = PBXBuildFile; fileRef = F48D3D602B6001EC00AF109C /* landmarkData.json */; };
		F48D3D632B60021E00AF109C /* Landmark.swift in Sources */ = {isa = PBXBuildFile; fileRef = F48D3D622B60021E00AF109C /* Landmark.swift */; };
		F48D3D652B60090D00AF109C /* ModelData.swift in Sources */ = {isa = PBXBuildFile; fileRef = F48D3D642B60090D00AF109C /* ModelData.swift */; };
		F48D3D6A2B6009D400AF109C /* LandmarkRow.swift in Sources */ = {isa = PBXBuildFile; fileRef = F48D3D692B6009D400AF109C /* LandmarkRow.swift */; };
		F48D3D6C2B600B7000AF109C /* LandmarkList.swift in Sources */ = {isa = PBXBuildFile; fileRef = F48D3D6B2B600B7000AF109C /* LandmarkList.swift */; };
		F48D3D6E2B600D1000AF109C /* LandmarkDetail.swift in Sources */ = {isa = PBXBuildFile; fileRef = F48D3D6D2B600D1000AF109C /* LandmarkDetail.swift */; };
		F48D3D702B602C4500AF109C /* FavoriteButton.swift in Sources */ = {isa = PBXBuildFile; fileRef = F48D3D6F2B602C4500AF109C /* FavoriteButton.swift */; };
		F4E6A74B2B6823F100786344 /* HexagonParameters.swift in Sources */ = {isa = PBXBuildFile; fileRef = F4E6A74A2B6823F100786344 /* HexagonParameters.swift */; };
		F4E6A74D2B68246500786344 /* BadgeBackground.swift in Sources */ = {isa = PBXBuildFile; fileRef = F4E6A74C2B68246500786344 /* BadgeBackground.swift */; };
		F4E6A74F2B69495E00786344 /* BadgeSymbol.swift in Sources */ = {isa = PBXBuildFile; fileRef = F4E6A74E2B69495E00786344 /* BadgeSymbol.swift */; };
		F4E6A7512B694A9B00786344 /* RotatedBadgeSymbol.swift in Sources */ = {isa = PBXBuildFile; fileRef = F4E6A7502B694A9B00786344 /* RotatedBadgeSymbol.swift */; };
		F4E6A7532B694B1400786344 /* Badge.swift in Sources */ = {isa = PBXBuildFile; fileRef = F4E6A7522B694B1400786344 /* Badge.swift */; };
/* End PBXBuildFile section */

/* Begin PBXContainerItemProxy section */
		F48D3D402B5EF18F00AF109C /* PBXContainerItemProxy */ = {
			isa = PBXContainerItemProxy;
			containerPortal = F48D3D272B5EF18C00AF109C /* Project object */;
			proxyType = 1;
			remoteGlobalIDString = F48D3D2E2B5EF18C00AF109C;
			remoteInfo = Landmarks;
		};
		F48D3D4A2B5EF18F00AF109C /* PBXContainerItemProxy */ = {
			isa = PBXContainerItemProxy;
			containerPortal = F48D3D272B5EF18C00AF109C /* Project object */;
			proxyType = 1;
			remoteGlobalIDString = F48D3D2E2B5EF18C00AF109C;
			remoteInfo = Landmarks;
		};
/* End PBXContainerItemProxy section */

/* Begin PBXFileReference section */
		F48D3D2F2B5EF18C00AF109C /* Landmarks.app */ = {isa = PBXFileReference; explicitFileType = wrapper.application; includeInIndex = 0; path = Landmarks.app; sourceTree = BUILT_PRODUCTS_DIR; };
		F48D3D322B5EF18C00AF109C /* LandmarksApp.swift */ = {isa = PBXFileReference; lastKnownFileType = sourcecode.swift; path = LandmarksApp.swift; sourceTree = "<group>"; };
		F48D3D342B5EF18C00AF109C /* ContentView.swift */ = {isa = PBXFileReference; lastKnownFileType = sourcecode.swift; path = ContentView.swift; sourceTree = "<group>"; };
		F48D3D362B5EF18F00AF109C /* Assets.xcassets */ = {isa = PBXFileReference; lastKnownFileType = folder.assetcatalog; path = Assets.xcassets; sourceTree = "<group>"; };
		F48D3D392B5EF18F00AF109C /* Preview Assets.xcassets */ = {isa = PBXFileReference; lastKnownFileType = folder.assetcatalog; path = "Preview Assets.xcassets"; sourceTree = "<group>"; };
		F48D3D3F2B5EF18F00AF109C /* LandmarksTests.xctest */ = {isa = PBXFileReference; explicitFileType = wrapper.cfbundle; includeInIndex = 0; path = LandmarksTests.xctest; sourceTree = BUILT_PRODUCTS_DIR; };
		F48D3D432B5EF18F00AF109C /* LandmarksTests.swift */ = {isa = PBXFileReference; lastKnownFileType = sourcecode.swift; path = LandmarksTests.swift; sourceTree = "<group>"; };
		F48D3D492B5EF18F00AF109C /* LandmarksUITests.xctest */ = {isa = PBXFileReference; explicitFileType = wrapper.cfbundle; includeInIndex = 0; path = LandmarksUITests.xctest; sourceTree = BUILT_PRODUCTS_DIR; };
		F48D3D4D2B5EF18F00AF109C /* LandmarksUITests.swift */ = {isa = PBXFileReference; lastKnownFileType = sourcecode.swift; path = LandmarksUITests.swift; sourceTree = "<group>"; };
		F48D3D4F2B5EF18F00AF109C /* LandmarksUITestsLaunchTests.swift */ = {isa = PBXFileReference; lastKnownFileType = sourcecode.swift; path = LandmarksUITestsLaunchTests.swift; sourceTree = "<group>"; };
		F48D3D5C2B5EF6D100AF109C /* CircleImage.swift */ = {isa = PBXFileReference; lastKnownFileType = sourcecode.swift; path = CircleImage.swift; sourceTree = "<group>"; };
		F48D3D5E2B5EF7C400AF109C /* MapView.swift */ = {isa = PBXFileReference; lastKnownFileType = sourcecode.swift; path = MapView.swift; sourceTree = "<group>"; };
		F48D3D602B6001EC00AF109C /* landmarkData.json */ = {isa = PBXFileReference; fileEncoding = 4; lastKnownFileType = text.json; path = landmarkData.json; sourceTree = "<group>"; };
		F48D3D622B60021E00AF109C /* Landmark.swift */ = {isa = PBXFileReference; lastKnownFileType = sourcecode.swift; path = Landmark.swift; sourceTree = "<group>"; };
		F48D3D642B60090D00AF109C /* ModelData.swift */ = {isa = PBXFileReference; lastKnownFileType = sourcecode.swift; path = ModelData.swift; sourceTree = "<group>"; };
		F48D3D692B6009D400AF109C /* LandmarkRow.swift */ = {isa = PBXFileReference; lastKnownFileType = sourcecode.swift; path = LandmarkRow.swift; sourceTree = "<group>"; };
		F48D3D6B2B600B7000AF109C /* LandmarkList.swift */ = {isa = PBXFileReference; lastKnownFileType = sourcecode.swift; path = LandmarkList.swift; sourceTree = "<group>"; };
		F48D3D6D2B600D1000AF109C /* LandmarkDetail.swift */ = {isa = PBXFileReference; lastKnownFileType = sourcecode.swift; path = LandmarkDetail.swift; sourceTree = "<group>"; };
		F48D3D6F2B602C4500AF109C /* FavoriteButton.swift */ = {isa = PBXFileReference; lastKnownFileType = sourcecode.swift; path = FavoriteButton.swift; sourceTree = "<group>"; };
		F4E6A74A2B6823F100786344 /* HexagonParameters.swift */ = {isa = PBXFileReference; lastKnownFileType = sourcecode.swift; path = HexagonParameters.swift; sourceTree = "<group>"; };
		F4E6A74C2B68246500786344 /* BadgeBackground.swift */ = {isa = PBXFileReference; lastKnownFileType = sourcecode.swift; path = BadgeBackground.swift; sourceTree = "<group>"; };
		F4E6A74E2B69495E00786344 /* BadgeSymbol.swift */ = {isa = PBXFileReference; lastKnownFileType = sourcecode.swift; path = BadgeSymbol.swift; sourceTree = "<group>"; };
		F4E6A7502B694A9B00786344 /* RotatedBadgeSymbol.swift */ = {isa = PBXFileReference; lastKnownFileType = sourcecode.swift; path = RotatedBadgeSymbol.swift; sourceTree = "<group>"; };
		F4E6A7522B694B1400786344 /* Badge.swift */ = {isa = PBXFileReference; lastKnownFileType = sourcecode.swift; path = Badge.swift; sourceTree = "<group>"; };
/* End PBXFileReference section */

/* Begin PBXFrameworksBuildPhase section */
		F48D3D2C2B5EF18C00AF109C /* Frameworks */ = {
			isa = PBXFrameworksBuildPhase;
			buildActionMask = 2147483647;
			files = (
			);
			runOnlyForDeploymentPostprocessing = 0;
		};
		F48D3D3C2B5EF18F00AF109C /* Frameworks */ = {
			isa = PBXFrameworksBuildPhase;
			buildActionMask = 2147483647;
			files = (
			);
			runOnlyForDeploymentPostprocessing = 0;
		};
		F48D3D462B5EF18F00AF109C /* Frameworks */ = {
			isa = PBXFrameworksBuildPhase;
			buildActionMask = 2147483647;
			files = (
			);
			runOnlyForDeploymentPostprocessing = 0;
		};
/* End PBXFrameworksBuildPhase section */

/* Begin PBXGroup section */
		F48D3D262B5EF18C00AF109C = {
			isa = PBXGroup;
			children = (
				F48D3D312B5EF18C00AF109C /* Landmarks */,
				F48D3D422B5EF18F00AF109C /* LandmarksTests */,
				F48D3D4C2B5EF18F00AF109C /* LandmarksUITests */,
				F48D3D302B5EF18C00AF109C /* Products */,
			);
			sourceTree = "<group>";
		};
		F48D3D302B5EF18C00AF109C /* Products */ = {
			isa = PBXGroup;
			children = (
				F48D3D2F2B5EF18C00AF109C /* Landmarks.app */,
				F48D3D3F2B5EF18F00AF109C /* LandmarksTests.xctest */,
				F48D3D492B5EF18F00AF109C /* LandmarksUITests.xctest */,
			);
			name = Products;
			sourceTree = "<group>";
		};
		F48D3D312B5EF18C00AF109C /* Landmarks */ = {
			isa = PBXGroup;
			children = (
				F48D3D322B5EF18C00AF109C /* LandmarksApp.swift */,
				F48D3D662B60096D00AF109C /* VIews */,
				F48D3D672B60098A00AF109C /* Model */,
				F48D3D682B60099C00AF109C /* Resource */,
				F48D3D362B5EF18F00AF109C /* Assets.xcassets */,
				F48D3D382B5EF18F00AF109C /* Preview Content */,
			);
			path = Landmarks;
			sourceTree = "<group>";
		};
		F48D3D382B5EF18F00AF109C /* Preview Content */ = {
			isa = PBXGroup;
			children = (
				F48D3D392B5EF18F00AF109C /* Preview Assets.xcassets */,
			);
			path = "Preview Content";
			sourceTree = "<group>";
		};
		F48D3D422B5EF18F00AF109C /* LandmarksTests */ = {
			isa = PBXGroup;
			children = (
				F48D3D432B5EF18F00AF109C /* LandmarksTests.swift */,
			);
			path = LandmarksTests;
			sourceTree = "<group>";
		};
		F48D3D4C2B5EF18F00AF109C /* LandmarksUITests */ = {
			isa = PBXGroup;
			children = (
				F48D3D4D2B5EF18F00AF109C /* LandmarksUITests.swift */,
				F48D3D4F2B5EF18F00AF109C /* LandmarksUITestsLaunchTests.swift */,
			);
			path = LandmarksUITests;
			sourceTree = "<group>";
		};
		F48D3D662B60096D00AF109C /* VIews */ = {
			isa = PBXGroup;
			children = (
				F48D3D342B5EF18C00AF109C /* ContentView.swift */,
				F4E6A7542B694BCD00786344 /* Badge */,
				F48D3D712B602CF600AF109C /* Landmark */,
				F48D3D722B602CFE00AF109C /* Helper */,
			);
			path = VIews;
			sourceTree = "<group>";
		};
		F48D3D672B60098A00AF109C /* Model */ = {
			isa = PBXGroup;
			children = (
				F48D3D622B60021E00AF109C /* Landmark.swift */,
				F48D3D642B60090D00AF109C /* ModelData.swift */,
			);
			path = Model;
			sourceTree = "<group>";
		};
		F48D3D682B60099C00AF109C /* Resource */ = {
			isa = PBXGroup;
			children = (
				F48D3D602B6001EC00AF109C /* landmarkData.json */,
			);
			path = Resource;
			sourceTree = "<group>";
		};
		F48D3D712B602CF600AF109C /* Landmark */ = {
			isa = PBXGroup;
			children = (
				F48D3D692B6009D400AF109C /* LandmarkRow.swift */,
				F48D3D6B2B600B7000AF109C /* LandmarkList.swift */,
				F48D3D6D2B600D1000AF109C /* LandmarkDetail.swift */,
			);
			path = Landmark;
			sourceTree = "<group>";
		};
		F48D3D722B602CFE00AF109C /* Helper */ = {
			isa = PBXGroup;
			children = (
				F48D3D5C2B5EF6D100AF109C /* CircleImage.swift */,
				F48D3D5E2B5EF7C400AF109C /* MapView.swift */,
				F48D3D6F2B602C4500AF109C /* FavoriteButton.swift */,
			);
			path = Helper;
			sourceTree = "<group>";
		};
		F4E6A7542B694BCD00786344 /* Badge */ = {
			isa = PBXGroup;
			children = (
				F4E6A74A2B6823F100786344 /* HexagonParameters.swift */,
				F4E6A74E2B69495E00786344 /* BadgeSymbol.swift */,
				F4E6A74C2B68246500786344 /* BadgeBackground.swift */,
				F4E6A7502B694A9B00786344 /* RotatedBadgeSymbol.swift */,
				F4E6A7522B694B1400786344 /* Badge.swift */,
			);
			path = Badge;
			sourceTree = "<group>";
		};
/* End PBXGroup section */

/* Begin PBXNativeTarget section */
		F48D3D2E2B5EF18C00AF109C /* Landmarks */ = {
			isa = PBXNativeTarget;
			buildConfigurationList = F48D3D532B5EF18F00AF109C /* Build configuration list for PBXNativeTarget "Landmarks" */;
			buildPhases = (
				F48D3D2B2B5EF18C00AF109C /* Sources */,
				F48D3D2C2B5EF18C00AF109C /* Frameworks */,
				F48D3D2D2B5EF18C00AF109C /* Resources */,
			);
			buildRules = (
			);
			dependencies = (
			);
			name = Landmarks;
			productName = Landmarks;
			productReference = F48D3D2F2B5EF18C00AF109C /* Landmarks.app */;
			productType = "com.apple.product-type.application";
		};
		F48D3D3E2B5EF18F00AF109C /* LandmarksTests */ = {
			isa = PBXNativeTarget;
			buildConfigurationList = F48D3D562B5EF18F00AF109C /* Build configuration list for PBXNativeTarget "LandmarksTests" */;
			buildPhases = (
				F48D3D3B2B5EF18F00AF109C /* Sources */,
				F48D3D3C2B5EF18F00AF109C /* Frameworks */,
				F48D3D3D2B5EF18F00AF109C /* Resources */,
			);
			buildRules = (
			);
			dependencies = (
				F48D3D412B5EF18F00AF109C /* PBXTargetDependency */,
			);
			name = LandmarksTests;
			productName = LandmarksTests;
			productReference = F48D3D3F2B5EF18F00AF109C /* LandmarksTests.xctest */;
			productType = "com.apple.product-type.bundle.unit-test";
		};
		F48D3D482B5EF18F00AF109C /* LandmarksUITests */ = {
			isa = PBXNativeTarget;
			buildConfigurationList = F48D3D592B5EF18F00AF109C /* Build configuration list for PBXNativeTarget "LandmarksUITests" */;
			buildPhases = (
				F48D3D452B5EF18F00AF109C /* Sources */,
				F48D3D462B5EF18F00AF109C /* Frameworks */,
				F48D3D472B5EF18F00AF109C /* Resources */,
			);
			buildRules = (
			);
			dependencies = (
				F48D3D4B2B5EF18F00AF109C /* PBXTargetDependency */,
			);
			name = LandmarksUITests;
			productName = LandmarksUITests;
			productReference = F48D3D492B5EF18F00AF109C /* LandmarksUITests.xctest */;
			productType = "com.apple.product-type.bundle.ui-testing";
		};
/* End PBXNativeTarget section */

/* Begin PBXProject section */
		F48D3D272B5EF18C00AF109C /* Project object */ = {
			isa = PBXProject;
			attributes = {
				BuildIndependentTargetsInParallel = 1;
				LastSwiftUpdateCheck = 1520;
				LastUpgradeCheck = 1520;
				TargetAttributes = {
					F48D3D2E2B5EF18C00AF109C = {
						CreatedOnToolsVersion = 15.2;
					};
					F48D3D3E2B5EF18F00AF109C = {
						CreatedOnToolsVersion = 15.2;
						TestTargetID = F48D3D2E2B5EF18C00AF109C;
					};
					F48D3D482B5EF18F00AF109C = {
						CreatedOnToolsVersion = 15.2;
						TestTargetID = F48D3D2E2B5EF18C00AF109C;
					};
				};
			};
			buildConfigurationList = F48D3D2A2B5EF18C00AF109C /* Build configuration list for PBXProject "Landmarks" */;
			compatibilityVersion = "Xcode 14.0";
			developmentRegion = en;
			hasScannedForEncodings = 0;
			knownRegions = (
				en,
				Base,
			);
			mainGroup = F48D3D262B5EF18C00AF109C;
			productRefGroup = F48D3D302B5EF18C00AF109C /* Products */;
			projectDirPath = "";
			projectRoot = "";
			targets = (
				F48D3D2E2B5EF18C00AF109C /* Landmarks */,
				F48D3D3E2B5EF18F00AF109C /* LandmarksTests */,
				F48D3D482B5EF18F00AF109C /* LandmarksUITests */,
			);
		};
/* End PBXProject section */

/* Begin PBXResourcesBuildPhase section */
		F48D3D2D2B5EF18C00AF109C /* Resources */ = {
			isa = PBXResourcesBuildPhase;
			buildActionMask = 2147483647;
			files = (
				F48D3D3A2B5EF18F00AF109C /* Preview Assets.xcassets in Resources */,
				F48D3D372B5EF18F00AF109C /* Assets.xcassets in Resources */,
				F48D3D612B6001ED00AF109C /* landmarkData.json in Resources */,
			);
			runOnlyForDeploymentPostprocessing = 0;
		};
		F48D3D3D2B5EF18F00AF109C /* Resources */ = {
			isa = PBXResourcesBuildPhase;
			buildActionMask = 2147483647;
			files = (
			);
			runOnlyForDeploymentPostprocessing = 0;
		};
		F48D3D472B5EF18F00AF109C /* Resources */ = {
			isa = PBXResourcesBuildPhase;
			buildActionMask = 2147483647;
			files = (
			);
			runOnlyForDeploymentPostprocessing = 0;
		};
/* End PBXResourcesBuildPhase section */

/* Begin PBXSourcesBuildPhase section */
		F48D3D2B2B5EF18C00AF109C /* Sources */ = {
			isa = PBXSourcesBuildPhase;
			buildActionMask = 2147483647;
			files = (
				F48D3D352B5EF18C00AF109C /* ContentView.swift in Sources */,
				F4E6A7532B694B1400786344 /* Badge.swift in Sources */,
				F48D3D5F2B5EF7C400AF109C /* MapView.swift in Sources */,
				F48D3D332B5EF18C00AF109C /* LandmarksApp.swift in Sources */,
				F48D3D702B602C4500AF109C /* FavoriteButton.swift in Sources */,
				F4E6A74B2B6823F100786344 /* HexagonParameters.swift in Sources */,
				F4E6A7512B694A9B00786344 /* RotatedBadgeSymbol.swift in Sources */,
				F4E6A74F2B69495E00786344 /* BadgeSymbol.swift in Sources */,
				F48D3D6C2B600B7000AF109C /* LandmarkList.swift in Sources */,
				F48D3D5D2B5EF6D100AF109C /* CircleImage.swift in Sources */,
				F4E6A74D2B68246500786344 /* BadgeBackground.swift in Sources */,
				F48D3D6A2B6009D400AF109C /* LandmarkRow.swift in Sources */,
				F48D3D632B60021E00AF109C /* Landmark.swift in Sources */,
				F48D3D652B60090D00AF109C /* ModelData.swift in Sources */,
				F48D3D6E2B600D1000AF109C /* LandmarkDetail.swift in Sources */,
			);
			runOnlyForDeploymentPostprocessing = 0;
		};
		F48D3D3B2B5EF18F00AF109C /* Sources */ = {
			isa = PBXSourcesBuildPhase;
			buildActionMask = 2147483647;
			files = (
				F48D3D442B5EF18F00AF109C /* LandmarksTests.swift in Sources */,
			);
			runOnlyForDeploymentPostprocessing = 0;
		};
		F48D3D452B5EF18F00AF109C /* Sources */ = {
			isa = PBXSourcesBuildPhase;
			buildActionMask = 2147483647;
			files = (
				F48D3D502B5EF18F00AF109C /* LandmarksUITestsLaunchTests.swift in Sources */,
				F48D3D4E2B5EF18F00AF109C /* LandmarksUITests.swift in Sources */,
			);
			runOnlyForDeploymentPostprocessing = 0;
		};
/* End PBXSourcesBuildPhase section */

/* Begin PBXTargetDependency section */
		F48D3D412B5EF18F00AF109C /* PBXTargetDependency */ = {
			isa = PBXTargetDependency;
			target = F48D3D2E2B5EF18C00AF109C /* Landmarks */;
			targetProxy = F48D3D402B5EF18F00AF109C /* PBXContainerItemProxy */;
		};
		F48D3D4B2B5EF18F00AF109C /* PBXTargetDependency */ = {
			isa = PBXTargetDependency;
			target = F48D3D2E2B5EF18C00AF109C /* Landmarks */;
			targetProxy = F48D3D4A2B5EF18F00AF109C /* PBXContainerItemProxy */;
		};
/* End PBXTargetDependency section */

/* Begin XCBuildConfiguration section */
		F48D3D512B5EF18F00AF109C /* Debug */ = {
			isa = XCBuildConfiguration;
			buildSettings = {
				ALWAYS_SEARCH_USER_PATHS = NO;
				ASSETCATALOG_COMPILER_GENERATE_SWIFT_ASSET_SYMBOL_EXTENSIONS = YES;
				CLANG_ANALYZER_NONNULL = YES;
				CLANG_ANALYZER_NUMBER_OBJECT_CONVERSION = YES_AGGRESSIVE;
				CLANG_CXX_LANGUAGE_STANDARD = "gnu++20";
				CLANG_ENABLE_MODULES = YES;
				CLANG_ENABLE_OBJC_ARC = YES;
				CLANG_ENABLE_OBJC_WEAK = YES;
				CLANG_WARN_BLOCK_CAPTURE_AUTORELEASING = YES;
				CLANG_WARN_BOOL_CONVERSION = YES;
				CLANG_WARN_COMMA = YES;
				CLANG_WARN_CONSTANT_CONVERSION = YES;
				CLANG_WARN_DEPRECATED_OBJC_IMPLEMENTATIONS = YES;
				CLANG_WARN_DIRECT_OBJC_ISA_USAGE = YES_ERROR;
				CLANG_WARN_DOCUMENTATION_COMMENTS = YES;
				CLANG_WARN_EMPTY_BODY = YES;
				CLANG_WARN_ENUM_CONVERSION = YES;
				CLANG_WARN_INFINITE_RECURSION = YES;
				CLANG_WARN_INT_CONVERSION = YES;
				CLANG_WARN_NON_LITERAL_NULL_CONVERSION = YES;
				CLANG_WARN_OBJC_IMPLICIT_RETAIN_SELF = YES;
				CLANG_WARN_OBJC_LITERAL_CONVERSION = YES;
				CLANG_WARN_OBJC_ROOT_CLASS = YES_ERROR;
				CLANG_WARN_QUOTED_INCLUDE_IN_FRAMEWORK_HEADER = YES;
				CLANG_WARN_RANGE_LOOP_ANALYSIS = YES;
				CLANG_WARN_STRICT_PROTOTYPES = YES;
				CLANG_WARN_SUSPICIOUS_MOVE = YES;
				CLANG_WARN_UNGUARDED_AVAILABILITY = YES_AGGRESSIVE;
				CLANG_WARN_UNREACHABLE_CODE = YES;
				CLANG_WARN__DUPLICATE_METHOD_MATCH = YES;
				COPY_PHASE_STRIP = NO;
				DEBUG_INFORMATION_FORMAT = dwarf;
				ENABLE_STRICT_OBJC_MSGSEND = YES;
				ENABLE_TESTABILITY = YES;
				ENABLE_USER_SCRIPT_SANDBOXING = YES;
				GCC_C_LANGUAGE_STANDARD = gnu17;
				GCC_DYNAMIC_NO_PIC = NO;
				GCC_NO_COMMON_BLOCKS = YES;
				GCC_OPTIMIZATION_LEVEL = 0;
				GCC_PREPROCESSOR_DEFINITIONS = (
					"DEBUG=1",
					"$(inherited)",
				);
				GCC_WARN_64_TO_32_BIT_CONVERSION = YES;
				GCC_WARN_ABOUT_RETURN_TYPE = YES_ERROR;
				GCC_WARN_UNDECLARED_SELECTOR = YES;
				GCC_WARN_UNINITIALIZED_AUTOS = YES_AGGRESSIVE;
				GCC_WARN_UNUSED_FUNCTION = YES;
				GCC_WARN_UNUSED_VARIABLE = YES;
				IPHONEOS_DEPLOYMENT_TARGET = 17.2;
				LOCALIZATION_PREFERS_STRING_CATALOGS = YES;
				MTL_ENABLE_DEBUG_INFO = INCLUDE_SOURCE;
				MTL_FAST_MATH = YES;
				ONLY_ACTIVE_ARCH = YES;
				SDKROOT = iphoneos;
				SWIFT_ACTIVE_COMPILATION_CONDITIONS = "DEBUG $(inherited)";
				SWIFT_OPTIMIZATION_LEVEL = "-Onone";
			};
			name = Debug;
		};
		F48D3D522B5EF18F00AF109C /* Release */ = {
			isa = XCBuildConfiguration;
			buildSettings = {
				ALWAYS_SEARCH_USER_PATHS = NO;
				ASSETCATALOG_COMPILER_GENERATE_SWIFT_ASSET_SYMBOL_EXTENSIONS = YES;
				CLANG_ANALYZER_NONNULL = YES;
				CLANG_ANALYZER_NUMBER_OBJECT_CONVERSION = YES_AGGRESSIVE;
				CLANG_CXX_LANGUAGE_STANDARD = "gnu++20";
				CLANG_ENABLE_MODULES = YES;
				CLANG_ENABLE_OBJC_ARC = YES;
				CLANG_ENABLE_OBJC_WEAK = YES;
				CLANG_WARN_BLOCK_CAPTURE_AUTORELEASING = YES;
				CLANG_WARN_BOOL_CONVERSION = YES;
				CLANG_WARN_COMMA = YES;
				CLANG_WARN_CONSTANT_CONVERSION = YES;
				CLANG_WARN_DEPRECATED_OBJC_IMPLEMENTATIONS = YES;
				CLANG_WARN_DIRECT_OBJC_ISA_USAGE = YES_ERROR;
				CLANG_WARN_DOCUMENTATION_COMMENTS = YES;
				CLANG_WARN_EMPTY_BODY = YES;
				CLANG_WARN_ENUM_CONVERSION = YES;
				CLANG_WARN_INFINITE_RECURSION = YES;
				CLANG_WARN_INT_CONVERSION = YES;
				CLANG_WARN_NON_LITERAL_NULL_CONVERSION = YES;
				CLANG_WARN_OBJC_IMPLICIT_RETAIN_SELF = YES;
				CLANG_WARN_OBJC_LITERAL_CONVERSION = YES;
				CLANG_WARN_OBJC_ROOT_CLASS = YES_ERROR;
				CLANG_WARN_QUOTED_INCLUDE_IN_FRAMEWORK_HEADER = YES;
				CLANG_WARN_RANGE_LOOP_ANALYSIS = YES;
				CLANG_WARN_STRICT_PROTOTYPES = YES;
				CLANG_WARN_SUSPICIOUS_MOVE = YES;
				CLANG_WARN_UNGUARDED_AVAILABILITY = YES_AGGRESSIVE;
				CLANG_WARN_UNREACHABLE_CODE = YES;
				CLANG_WARN__DUPLICATE_METHOD_MATCH = YES;
				COPY_PHASE_STRIP = NO;
				DEBUG_INFORMATION_FORMAT = "dwarf-with-dsym";
				ENABLE_NS_ASSERTIONS = NO;
				ENABLE_STRICT_OBJC_MSGSEND = YES;
				ENABLE_USER_SCRIPT_SANDBOXING = YES;
				GCC_C_LANGUAGE_STANDARD = gnu17;
				GCC_NO_COMMON_BLOCKS = YES;
				GCC_WARN_64_TO_32_BIT_CONVERSION = YES;
				GCC_WARN_ABOUT_RETURN_TYPE = YES_ERROR;
				GCC_WARN_UNDECLARED_SELECTOR = YES;
				GCC_WARN_UNINITIALIZED_AUTOS = YES_AGGRESSIVE;
				GCC_WARN_UNUSED_FUNCTION = YES;
				GCC_WARN_UNUSED_VARIABLE = YES;
				IPHONEOS_DEPLOYMENT_TARGET = 17.2;
				LOCALIZATION_PREFERS_STRING_CATALOGS = YES;
				MTL_ENABLE_DEBUG_INFO = NO;
				MTL_FAST_MATH = YES;
				SDKROOT = iphoneos;
				SWIFT_COMPILATION_MODE = wholemodule;
				VALIDATE_PRODUCT = YES;
			};
			name = Release;
		};
		F48D3D542B5EF18F00AF109C /* Debug */ = {
			isa = XCBuildConfiguration;
			buildSettings = {
				ASSETCATALOG_COMPILER_APPICON_NAME = AppIcon;
				ASSETCATALOG_COMPILER_GLOBAL_ACCENT_COLOR_NAME = AccentColor;
				CODE_SIGN_STYLE = Automatic;
				CURRENT_PROJECT_VERSION = 1;
				DEVELOPMENT_ASSET_PATHS = "\"Landmarks/Preview Content\"";
				DEVELOPMENT_TEAM = ZG6WZPU32R;
				ENABLE_PREVIEWS = YES;
				GENERATE_INFOPLIST_FILE = YES;
				INFOPLIST_KEY_UIApplicationSceneManifest_Generation = YES;
				INFOPLIST_KEY_UIApplicationSupportsIndirectInputEvents = YES;
				INFOPLIST_KEY_UILaunchScreen_Generation = YES;
				INFOPLIST_KEY_UISupportedInterfaceOrientations_iPad = "UIInterfaceOrientationPortrait UIInterfaceOrientationPortraitUpsideDown UIInterfaceOrientationLandscapeLeft UIInterfaceOrientationLandscapeRight";
				INFOPLIST_KEY_UISupportedInterfaceOrientations_iPhone = "UIInterfaceOrientationPortrait UIInterfaceOrientationLandscapeLeft UIInterfaceOrientationLandscapeRight";
				LD_RUNPATH_SEARCH_PATHS = (
					"$(inherited)",
					"@executable_path/Frameworks",
				);
				MARKETING_VERSION = 1.0;
				PRODUCT_BUNDLE_IDENTIFIER = kny.Landmarks;
				PRODUCT_NAME = "$(TARGET_NAME)";
				SWIFT_EMIT_LOC_STRINGS = YES;
				SWIFT_VERSION = 5.0;
				TARGETED_DEVICE_FAMILY = "1,2";
			};
			name = Debug;
		};
		F48D3D552B5EF18F00AF109C /* Release */ = {
			isa = XCBuildConfiguration;
			buildSettings = {
				ASSETCATALOG_COMPILER_APPICON_NAME = AppIcon;
				ASSETCATALOG_COMPILER_GLOBAL_ACCENT_COLOR_NAME = AccentColor;
				CODE_SIGN_STYLE = Automatic;
				CURRENT_PROJECT_VERSION = 1;
				DEVELOPMENT_ASSET_PATHS = "\"Landmarks/Preview Content\"";
				DEVELOPMENT_TEAM = ZG6WZPU32R;
				ENABLE_PREVIEWS = YES;
				GENERATE_INFOPLIST_FILE = YES;
				INFOPLIST_KEY_UIApplicationSceneManifest_Generation = YES;
				INFOPLIST_KEY_UIApplicationSupportsIndirectInputEvents = YES;
				INFOPLIST_KEY_UILaunchScreen_Generation = YES;
				INFOPLIST_KEY_UISupportedInterfaceOrientations_iPad = "UIInterfaceOrientationPortrait UIInterfaceOrientationPortraitUpsideDown UIInterfaceOrientationLandscapeLeft UIInterfaceOrientationLandscapeRight";
				INFOPLIST_KEY_UISupportedInterfaceOrientations_iPhone = "UIInterfaceOrientationPortrait UIInterfaceOrientationLandscapeLeft UIInterfaceOrientationLandscapeRight";
				LD_RUNPATH_SEARCH_PATHS = (
					"$(inherited)",
					"@executable_path/Frameworks",
				);
				MARKETING_VERSION = 1.0;
				PRODUCT_BUNDLE_IDENTIFIER = kny.Landmarks;
				PRODUCT_NAME = "$(TARGET_NAME)";
				SWIFT_EMIT_LOC_STRINGS = YES;
				SWIFT_VERSION = 5.0;
				TARGETED_DEVICE_FAMILY = "1,2";
			};
			name = Release;
		};
		F48D3D572B5EF18F00AF109C /* Debug */ = {
			isa = XCBuildConfiguration;
			buildSettings = {
				ALWAYS_EMBED_SWIFT_STANDARD_LIBRARIES = YES;
				BUNDLE_LOADER = "$(TEST_HOST)";
				CODE_SIGN_STYLE = Automatic;
				CURRENT_PROJECT_VERSION = 1;
				DEVELOPMENT_TEAM = ZG6WZPU32R;
				GENERATE_INFOPLIST_FILE = YES;
				IPHONEOS_DEPLOYMENT_TARGET = 17.2;
				MARKETING_VERSION = 1.0;
				PRODUCT_BUNDLE_IDENTIFIER = kny.LandmarksTests;
				PRODUCT_NAME = "$(TARGET_NAME)";
				SWIFT_EMIT_LOC_STRINGS = NO;
				SWIFT_VERSION = 5.0;
				TARGETED_DEVICE_FAMILY = "1,2";
				TEST_HOST = "$(BUILT_PRODUCTS_DIR)/Landmarks.app/$(BUNDLE_EXECUTABLE_FOLDER_PATH)/Landmarks";
			};
			name = Debug;
		};
		F48D3D582B5EF18F00AF109C /* Release */ = {
			isa = XCBuildConfiguration;
			buildSettings = {
				ALWAYS_EMBED_SWIFT_STANDARD_LIBRARIES = YES;
				BUNDLE_LOADER = "$(TEST_HOST)";
				CODE_SIGN_STYLE = Automatic;
				CURRENT_PROJECT_VERSION = 1;
				DEVELOPMENT_TEAM = ZG6WZPU32R;
				GENERATE_INFOPLIST_FILE = YES;
				IPHONEOS_DEPLOYMENT_TARGET = 17.2;
				MARKETING_VERSION = 1.0;
				PRODUCT_BUNDLE_IDENTIFIER = kny.LandmarksTests;
				PRODUCT_NAME = "$(TARGET_NAME)";
				SWIFT_EMIT_LOC_STRINGS = NO;
				SWIFT_VERSION = 5.0;
				TARGETED_DEVICE_FAMILY = "1,2";
				TEST_HOST = "$(BUILT_PRODUCTS_DIR)/Landmarks.app/$(BUNDLE_EXECUTABLE_FOLDER_PATH)/Landmarks";
			};
			name = Release;
		};
		F48D3D5A2B5EF18F00AF109C /* Debug */ = {
			isa = XCBuildConfiguration;
			buildSettings = {
				ALWAYS_EMBED_SWIFT_STANDARD_LIBRARIES = YES;
				CODE_SIGN_STYLE = Automatic;
				CURRENT_PROJECT_VERSION = 1;
				DEVELOPMENT_TEAM = ZG6WZPU32R;
				GENERATE_INFOPLIST_FILE = YES;
				MARKETING_VERSION = 1.0;
				PRODUCT_BUNDLE_IDENTIFIER = kny.LandmarksUITests;
				PRODUCT_NAME = "$(TARGET_NAME)";
				SWIFT_EMIT_LOC_STRINGS = NO;
				SWIFT_VERSION = 5.0;
				TARGETED_DEVICE_FAMILY = "1,2";
				TEST_TARGET_NAME = Landmarks;
			};
			name = Debug;
		};
		F48D3D5B2B5EF18F00AF109C /* Release */ = {
			isa = XCBuildConfiguration;
			buildSettings = {
				ALWAYS_EMBED_SWIFT_STANDARD_LIBRARIES = YES;
				CODE_SIGN_STYLE = Automatic;
				CURRENT_PROJECT_VERSION = 1;
				DEVELOPMENT_TEAM = ZG6WZPU32R;
				GENERATE_INFOPLIST_FILE = YES;
				MARKETING_VERSION = 1.0;
				PRODUCT_BUNDLE_IDENTIFIER = kny.LandmarksUITests;
				PRODUCT_NAME = "$(TARGET_NAME)";
				SWIFT_EMIT_LOC_STRINGS = NO;
				SWIFT_VERSION = 5.0;
				TARGETED_DEVICE_FAMILY = "1,2";
				TEST_TARGET_NAME = Landmarks;
			};
			name = Release;
		};
/* End XCBuildConfiguration section */

/* Begin XCConfigurationList section */
		F48D3D2A2B5EF18C00AF109C /* Build configuration list for PBXProject "Landmarks" */ = {
			isa = XCConfigurationList;
			buildConfigurations = (
				F48D3D512B5EF18F00AF109C /* Debug */,
				F48D3D522B5EF18F00AF109C /* Release */,
			);
			defaultConfigurationIsVisible = 0;
			defaultConfigurationName = Release;
		};
		F48D3D532B5EF18F00AF109C /* Build configuration list for PBXNativeTarget "Landmarks" */ = {
			isa = XCConfigurationList;
			buildConfigurations = (
				F48D3D542B5EF18F00AF109C /* Debug */,
				F48D3D552B5EF18F00AF109C /* Release */,
			);
			defaultConfigurationIsVisible = 0;
			defaultConfigurationName = Release;
		};
		F48D3D562B5EF18F00AF109C /* Build configuration list for PBXNativeTarget "LandmarksTests" */ = {
			isa = XCConfigurationList;
			buildConfigurations = (
				F48D3D572B5EF18F00AF109C /* Debug */,
				F48D3D582B5EF18F00AF109C /* Release */,
			);
			defaultConfigurationIsVisible = 0;
			defaultConfigurationName = Release;
		};
		F48D3D592B5EF18F00AF109C /* Build configuration list for PBXNativeTarget "LandmarksUITests" */ = {
			isa = XCConfigurationList;
			buildConfigurations = (
				F48D3D5A2B5EF18F00AF109C /* Debug */,
				F48D3D5B2B5EF18F00AF109C /* Release */,
			);
			defaultConfigurationIsVisible = 0;
			defaultConfigurationName = Release;
		};
/* End XCConfigurationList section */
	};
	rootObject = F48D3D272B5EF18C00AF109C /* Project object */;
}
